
Microsoft Visual Studio Solution File, Format Version 12.00
# Visual Studio Version 16
VisualStudioVersion = 16.0.30517.126
MinimumVisualStudioVersion = 10.0.40219.1
Project("{8BC9CEB8-8B4A-11D0-8D11-00A0C91BC942}") = "Exo1", "TP4\TP4.vcxproj", "{533F6DD4-8B08-4A6C-BE47-60E189CF6FA0}"
EndProject
Project("{8BC9CEB8-8B4A-11D0-8D11-00A0C91BC942}") = "Exo 2", "Exo 2\Exo 2.vcxproj", "{CE75BCA7-66B6-4EA6-BC0D-46BD3B82DB23}"
EndProject
Project("{8BC9CEB8-8B4A-11D0-8D11-00A0C91BC942}") = "Exo 3", "Exo 3\Exo 3.vcxproj", "{24EDF836-9815-4E6E-BD52-101EF5547ABE}"
EndProject
Project("{8BC9CEB8-8B4A-11D0-8D11-00A0C91BC942}") = "Exo4", "Exo4\Exo4.vcxproj", "{D5E87F61-1CC2-447E-922C-B44D6BCEC680}"
EndProject
Project("{8BC9CEB8-8B4A-11D0-8D11-00A0C91BC942}") = "EXO 5", "EXO 5\EXO 5.vcxproj", "{3B39A9E5-9847-44EB-8F37-CE572C1DF091}"
EndProject
Project("{8BC9CEB8-8B4A-11D0-8D11-00A0C91BC942}") = "EXO6", "EXO6\EXO6.vcxproj", "{BE21AEC6-F71A-4A34-AE06-0A73BEDFCED4}"
EndProject
Global
	GlobalSection(SolutionConfigurationPlatforms) = preSolution
		Debug|x64 = Debug|x64
		Debug|x86 = Debug|x86
		Release|x64 = Release|x64
		Release|x86 = Release|x86
	EndGlobalSection
	GlobalSection(ProjectConfigurationPlatforms) = postSolution
		{533F6DD4-8B08-4A6C-BE47-60E189CF6FA0}.Debug|x64.ActiveCfg = Debug|x64
		{533F6DD4-8B08-4A6C-BE47-60E189CF6FA0}.Debug|x64.Build.0 = Debug|x64
		{533F6DD4-8B08-4A6C-BE47-60E189CF6FA0}.Debug|x86.ActiveCfg = Debug|Win32
		{533F6DD4-8B08-4A6C-BE47-60E189CF6FA0}.Debug|x86.Build.0 = Debug|Win32
		{533F6DD4-8B08-4A6C-BE47-60E189CF6FA0}.Release|x64.ActiveCfg = Release|x64
		{533F6DD4-8B08-4A6C-BE47-60E189CF6FA0}.Release|x64.Build.0 = Release|x64
		{533F6DD4-8B08-4A6C-BE47-60E189CF6FA0}.Release|x86.ActiveCfg = Release|Win32
		{533F6DD4-8B08-4A6C-BE47-60E189CF6FA0}.Release|x86.Build.0 = Release|Win32
		{CE75BCA7-66B6-4EA6-BC0D-46BD3B82DB23}.Debug|x64.ActiveCfg = Debug|x64
		{CE75BCA7-66B6-4EA6-BC0D-46BD3B82DB23}.Debug|x64.Build.0 = Debug|x64
		{CE75BCA7-66B6-4EA6-BC0D-46BD3B82DB23}.Debug|x86.ActiveCfg = Debug|Win32
		{CE75BCA7-66B6-4EA6-BC0D-46BD3B82DB23}.Debug|x86.Build.0 = Debug|Win32
		{CE75BCA7-66B6-4EA6-BC0D-46BD3B82DB23}.Release|x64.ActiveCfg = Release|x64
		{CE75BCA7-66B6-4EA6-BC0D-46BD3B82DB23}.Release|x64.Build.0 = Release|x64
		{CE75BCA7-66B6-4EA6-BC0D-46BD3B82DB23}.Release|x86.ActiveCfg = Release|Win32
		{CE75BCA7-66B6-4EA6-BC0D-46BD3B82DB23}.Release|x86.Build.0 = Release|Win32
		{24EDF836-9815-4E6E-BD52-101EF5547ABE}.Debug|x64.ActiveCfg = Debug|x64
		{24EDF836-9815-4E6E-BD52-101EF5547ABE}.Debug|x64.Build.0 = Debug|x64
		{24EDF836-9815-4E6E-BD52-101EF5547ABE}.Debug|x86.ActiveCfg = Debug|Win32
		{24EDF836-9815-4E6E-BD52-101EF5547ABE}.Debug|x86.Build.0 = Debug|Win32
		{24EDF836-9815-4E6E-BD52-101EF5547ABE}.Release|x64.ActiveCfg = Release|x64
		{24EDF836-9815-4E6E-BD52-101EF5547ABE}.Release|x64.Build.0 = Release|x64
		{24EDF836-9815-4E6E-BD52-101EF5547ABE}.Release|x86.ActiveCfg = Release|Win32
		{24EDF836-9815-4E6E-BD52-101EF5547ABE}.Release|x86.Build.0 = Release|Win32
		{D5E87F61-1CC2-447E-922C-B44D6BCEC680}.Debug|x64.ActiveCfg = Debug|x64
		{D5E87F61-1CC2-447E-922C-B44D6BCEC680}.Debug|x64.Build.0 = Debug|x64
		{D5E87F61-1CC2-447E-922C-B44D6BCEC680}.Debug|x86.ActiveCfg = Debug|Win32
		{D5E87F61-1CC2-447E-922C-B44D6BCEC680}.Debug|x86.Build.0 = Debug|Win32
		{D5E87F61-1CC2-447E-922C-B44D6BCEC680}.Release|x64.ActiveCfg = Release|x64
		{D5E87F61-1CC2-447E-922C-B44D6BCEC680}.Release|x64.Build.0 = Release|x64
		{D5E87F61-1CC2-447E-922C-B44D6BCEC680}.Release|x86.ActiveCfg = Release|Win32
		{D5E87F61-1CC2-447E-922C-B44D6BCEC680}.Release|x86.Build.0 = Release|Win32
		{3B39A9E5-9847-44EB-8F37-CE572C1DF091}.Debug|x64.ActiveCfg = Debug|x64
		{3B39A9E5-9847-44EB-8F37-CE572C1DF091}.Debug|x64.Build.0 = Debug|x64
		{3B39A9E5-9847-44EB-8F37-CE572C1DF091}.Debug|x86.ActiveCfg = Debug|Win32
		{3B39A9E5-9847-44EB-8F37-CE572C1DF091}.Debug|x86.Build.0 = Debug|Win32
		{3B39A9E5-9847-44EB-8F37-CE572C1DF091}.Release|x64.ActiveCfg = Release|x64
		{3B39A9E5-9847-44EB-8F37-CE572C1DF091}.Release|x64.Build.0 = Release|x64
		{3B39A9E5-9847-44EB-8F37-CE572C1DF091}.Release|x86.ActiveCfg = Release|Win32
		{3B39A9E5-9847-44EB-8F37-CE572C1DF091}.Release|x86.Build.0 = Release|Win32
		{BE21AEC6-F71A-4A34-AE06-0A73BEDFCED4}.Debug|x64.ActiveCfg = Debug|x64
		{BE21AEC6-F71A-4A34-AE06-0A73BEDFCED4}.Debug|x64.Build.0 = Debug|x64
		{BE21AEC6-F71A-4A34-AE06-0A73BEDFCED4}.Debug|x86.ActiveCfg = Debug|Win32
		{BE21AEC6-F71A-4A34-AE06-0A73BEDFCED4}.Debug|x86.Build.0 = Debug|Win32
		{BE21AEC6-F71A-4A34-AE06-0A73BEDFCED4}.Release|x64.ActiveCfg = Release|x64
		{BE21AEC6-F71A-4A34-AE06-0A73BEDFCED4}.Release|x64.Build.0 = Release|x64
		{BE21AEC6-F71A-4A34-AE06-0A73BEDFCED4}.Release|x86.ActiveCfg = Release|Win32
		{BE21AEC6-F71A-4A34-AE06-0A73BEDFCED4}.Release|x86.Build.0 = Release|Win32
	EndGlobalSection
	GlobalSection(SolutionProperties) = preSolution
		HideSolutionNode = FALSE
	EndGlobalSection
	GlobalSection(ExtensibilityGlobals) = postSolution
		SolutionGuid = {5C45A5BE-DC0B-4ECB-A9EF-EED34E37461D}
	EndGlobalSection
EndGlobal
